
Microsoft Visual Studio Solution File, Format Version 12.00
# Visual Studio 15
VisualStudioVersion = 15.0.27130.2024
MinimumVisualStudioVersion = 10.0.40219.1
Project("{FAE04EC0-301F-11D3-BF4B-00C04F79EFBC}") = "MamApi", "MamApi\MamApi.csproj", "{05DA6039-D14E-45C2-8979-6F5370E64B30}"
EndProject
Project("{FAE04EC0-301F-11D3-BF4B-00C04F79EFBC}") = "MamApi.Models", "MamApi.Models\MamApi.Models.csproj", "{D91D6CDA-695D-4DC7-B690-96AFEAD78A1D}"
EndProject
Project("{FAE04EC0-301F-11D3-BF4B-00C04F79EFBC}") = "MamApi.Data", "MamApi.Data\MamApi.Data.csproj", "{C9A5F87D-F296-4353-9975-96C260A583EB}"
EndProject
Project("{FAE04EC0-301F-11D3-BF4B-00C04F79EFBC}") = "MamApi.Services", "MamApi.Services\MamApi.Services.csproj", "{F37E20F7-2D8F-48CB-8A8F-504C56AEBAB2}"
EndProject
Project("{FAE04EC0-301F-11D3-BF4B-00C04F79EFBC}") = "MamApi.ViewModels", "MamApi.ViewModels\MamApi.ViewModels.csproj", "{2F855B88-C960-4DDC-AD43-F307872D6510}"
EndProject
Global
	GlobalSection(SolutionConfigurationPlatforms) = preSolution
		Debug|Any CPU = Debug|Any CPU
		Release|Any CPU = Release|Any CPU
	EndGlobalSection
	GlobalSection(ProjectConfigurationPlatforms) = postSolution
		{05DA6039-D14E-45C2-8979-6F5370E64B30}.Debug|Any CPU.ActiveCfg = Debug|Any CPU
		{05DA6039-D14E-45C2-8979-6F5370E64B30}.Debug|Any CPU.Build.0 = Debug|Any CPU
		{05DA6039-D14E-45C2-8979-6F5370E64B30}.Release|Any CPU.ActiveCfg = Release|Any CPU
		{05DA6039-D14E-45C2-8979-6F5370E64B30}.Release|Any CPU.Build.0 = Release|Any CPU
		{D91D6CDA-695D-4DC7-B690-96AFEAD78A1D}.Debug|Any CPU.ActiveCfg = Debug|Any CPU
		{D91D6CDA-695D-4DC7-B690-96AFEAD78A1D}.Debug|Any CPU.Build.0 = Debug|Any CPU
		{D91D6CDA-695D-4DC7-B690-96AFEAD78A1D}.Release|Any CPU.ActiveCfg = Release|Any CPU
		{D91D6CDA-695D-4DC7-B690-96AFEAD78A1D}.Release|Any CPU.Build.0 = Release|Any CPU
		{C9A5F87D-F296-4353-9975-96C260A583EB}.Debug|Any CPU.ActiveCfg = Debug|Any CPU
		{C9A5F87D-F296-4353-9975-96C260A583EB}.Debug|Any CPU.Build.0 = Debug|Any CPU
		{C9A5F87D-F296-4353-9975-96C260A583EB}.Release|Any CPU.ActiveCfg = Release|Any CPU
		{C9A5F87D-F296-4353-9975-96C260A583EB}.Release|Any CPU.Build.0 = Release|Any CPU
		{F37E20F7-2D8F-48CB-8A8F-504C56AEBAB2}.Debug|Any CPU.ActiveCfg = Debug|Any CPU
		{F37E20F7-2D8F-48CB-8A8F-504C56AEBAB2}.Debug|Any CPU.Build.0 = Debug|Any CPU
		{F37E20F7-2D8F-48CB-8A8F-504C56AEBAB2}.Release|Any CPU.ActiveCfg = Release|Any CPU
		{F37E20F7-2D8F-48CB-8A8F-504C56AEBAB2}.Release|Any CPU.Build.0 = Release|Any CPU
		{2F855B88-C960-4DDC-AD43-F307872D6510}.Debug|Any CPU.ActiveCfg = Debug|Any CPU
		{2F855B88-C960-4DDC-AD43-F307872D6510}.Debug|Any CPU.Build.0 = Debug|Any CPU
		{2F855B88-C960-4DDC-AD43-F307872D6510}.Release|Any CPU.ActiveCfg = Release|Any CPU
		{2F855B88-C960-4DDC-AD43-F307872D6510}.Release|Any CPU.Build.0 = Release|Any CPU
	EndGlobalSection
	GlobalSection(SolutionProperties) = preSolution
		HideSolutionNode = FALSE
	EndGlobalSection
	GlobalSection(ExtensibilityGlobals) = postSolution
		SolutionGuid = {3B2ED92B-CA88-41FB-A09C-5D10F2916582}
	EndGlobalSection
EndGlobal
